
Microsoft Visual Studio Solution File, Format Version 12.00
# Visual Studio Version 17
VisualStudioVersion = 17.14.36310.24 d17.14
MinimumVisualStudioVersion = 10.0.40219.1
Project("{FAE04EC0-301F-11D3-BF4B-00C04F79EFBC}") = "OfficeDeploymentTool", "OfficeDeploymentTool.csproj", "{596C0A98-2063-4AF8-A2C1-A94EA2C6CEA1}"
EndProject
Global
	GlobalSection(SolutionConfigurationPlatforms) = preSolution
		Debug|Any CPU = Debug|Any CPU
		Release|Any CPU = Release|Any CPU
	EndGlobalSection
	GlobalSection(ProjectConfigurationPlatforms) = postSolution
		{596C0A98-2063-4AF8-A2C1-A94EA2C6CEA1}.Debug|Any CPU.ActiveCfg = Debug|Any CPU
		{596C0A98-2063-4AF8-A2C1-A94EA2C6CEA1}.Debug|Any CPU.Build.0 = Debug|Any CPU
		{596C0A98-2063-4AF8-A2C1-A94EA2C6CEA1}.Release|Any CPU.ActiveCfg = Release|Any CPU
		{596C0A98-2063-4AF8-A2C1-A94EA2C6CEA1}.Release|Any CPU.Build.0 = Release|Any CPU
	EndGlobalSection
	GlobalSection(SolutionProperties) = preSolution
		HideSolutionNode = FALSE
	EndGlobalSection
	GlobalSection(ExtensibilityGlobals) = postSolution
		SolutionGuid = {8C33C1B3-7C90-4C1A-93C3-B5460E1168EF}
	EndGlobalSection
EndGlobal
